{
  "name": "kotlin",
  "lockfileVersion": 2,
  "requires": true,
  "packages": {
    "": {
      "dependencies": {
        "kotlin": "^1.7.10"
      }
    },
    "node_modules/kotlin": {
      "version": "1.7.10",
      "resolved": "https://registry.npmjs.org/kotlin/-/kotlin-1.7.10.tgz",
      "integrity": "sha512-TFOnMPR/NhQtoMWzZ/uSX+HD6vCFNj43aui1KFlFSy/aRu2fwj+vWkb+WUHKEuObZKHupQl0F1JFht5zC4FPyQ=="
    }
  },
  "dependencies": {
    "kotlin": {
      "version": "1.7.10",
      "resolved": "https://registry.npmjs.org/kotlin/-/kotlin-1.7.10.tgz",
      "integrity": "sha512-TFOnMPR/NhQtoMWzZ/uSX+HD6vCFNj43aui1KFlFSy/aRu2fwj+vWkb+WUHKEuObZKHupQl0F1JFht5zC4FPyQ=="
    }
  }
}
